<?xml version="1.0" encoding="utf-8"?>
<Project ToolsVersion="4.0" xmlns="http://schemas.microsoft.com/developer/msbuild/2003">
  <ItemGroup>
    <Filter Include="Source Files">
      <UniqueIdentifier>{4FC737F1-C7A5-4376-A066-2A32D752A2FF}</UniqueIdentifier>
      <Extensions>cpp;c;cc;cxx;c++;cppm;ixx;def;odl;idl;hpj;bat;asm;asmx</Extensions>
    </Filter>
    <Filter Include="Header Files">
      <UniqueIdentifier>{93995380-89BD-4b04-88EB-625FBE52EBFB}</UniqueIdentifier>
      <Extensions>h;hh;hpp;hxx;h++;hm;inl;inc;ipp;xsd</Extensions>
    </Filter>
    <Filter Include="Source Files\driver">
      <UniqueIdentifier>{a1a1a1a1-1111-1111-1111-111111111101}</UniqueIdentifier>
    </Filter>
    <Filter Include="Source Files\interface">
      <UniqueIdentifier>{a1a1a1a1-1111-1111-1111-111111111104}</UniqueIdentifier>
    </Filter>
    <Filter Include="Header Files\driver">
      <UniqueIdentifier>{b2b2b2b2-2222-2222-2222-222222222201}</UniqueIdentifier>
    </Filter>
    <Filter Include="Header Files\interface">
      <UniqueIdentifier>{b2b2b2b2-2222-2222-2222-222222222205}</UniqueIdentifier>
    </Filter>
  </ItemGroup>
  <ItemGroup>
    <ClCompile Include="main.cpp">
      <Filter>Source Files</Filter>
    </ClCompile>
    <ClCompile Include="workspace\driver\driver_um_lib.cpp">
      <Filter>Source Files\driver</Filter>
    </ClCompile>
    <ClCompile Include="workspace\interface\interface.cpp">
      <Filter>Source Files\interface</Filter>
    </ClCompile>
    <ClCompile Include="workspace\interface\menu.cpp">
      <Filter>Source Files\interface</Filter>
    </ClCompile>
    <ClCompile Include="workspace\game\cache\cache.cpp">
      <Filter>Source Files</Filter>
    </ClCompile>
    <ClCompile Include="workspace\game\cache\camera.cpp">
      <Filter>Source Files</Filter>
    </ClCompile>
    <ClCompile Include="workspace\game\features\player\player.cpp">
      <Filter>Source Files</Filter>
    </ClCompile>
    <ClCompile Include="workspace\util\logger\logger.cpp">
      <Filter>Source Files</Filter>
    </ClCompile>
    <ClCompile Include="thirdparty\imgui\imgui.cpp">
      <Filter>Source Files</Filter>
    </ClCompile>
    <ClCompile Include="thirdparty\imgui\imgui_demo.cpp">
      <Filter>Source Files</Filter>
    </ClCompile>
    <ClCompile Include="thirdparty\imgui\imgui_draw.cpp">
      <Filter>Source Files</Filter>
    </ClCompile>
    <ClCompile Include="thirdparty\imgui\imgui_tables.cpp">
      <Filter>Source Files</Filter>
    </ClCompile>
    <ClCompile Include="thirdparty\imgui\imgui_widgets.cpp">
      <Filter>Source Files</Filter>
    </ClCompile>
    <ClCompile Include="thirdparty\imgui\backends\imgui_impl_dx11.cpp">
      <Filter>Source Files</Filter>
    </ClCompile>
    <ClCompile Include="thirdparty\imgui\backends\imgui_impl_win32.cpp">
      <Filter>Source Files</Filter>
    </ClCompile>
    <ClCompile Include="workspace\driver\driver.cpp">
      <Filter>Source Files</Filter>
    </ClCompile>
  </ItemGroup>
  <ItemGroup>
    <MASM Include="workspace\driver\nmi_restoring_assembly.asm">
      <Filter>Source Files\driver</Filter>
    </MASM>
  </ItemGroup>
  <ItemGroup>
    <ClInclude Include="includes.hpp">
      <Filter>Header Files</Filter>
    </ClInclude>
    <ClInclude Include="workspace\driver\driver.hpp">
      <Filter>Header Files\driver</Filter>
    </ClInclude>
    <ClInclude Include="workspace\driver\driver_includes.hpp">
      <Filter>Header Files\driver</Filter>
    </ClInclude>
    <ClInclude Include="workspace\driver\driver_shared.hpp">
      <Filter>Header Files\driver</Filter>
    </ClInclude>
    <ClInclude Include="workspace\driver\driver_um_lib.hpp">
      <Filter>Header Files\driver</Filter>
    </ClInclude>
    <ClInclude Include="workspace\driver\process.hpp">
      <Filter>Header Files\driver</Filter>
    </ClInclude>
    <ClInclude Include="workspace\driver\xor.hpp">
      <Filter>Header Files\driver</Filter>
    </ClInclude>
    <ClInclude Include="workspace\interface\interface.hpp">
      <Filter>Header Files\interface</Filter>
    </ClInclude>
    <ClInclude Include="workspace\game\unreal\offsets.hpp">
      <Filter>Header Files</Filter>
    </ClInclude>
    <ClInclude Include="workspace\game\unreal\structures.hpp">
      <Filter>Header Files</Filter>
    </ClInclude>
    <ClInclude Include="workspace\game\unreal\enums.hpp">
      <Filter>Header Files</Filter>
    </ClInclude>
    <ClInclude Include="workspace\game\unreal\classes.hpp">
      <Filter>Header Files</Filter>
    </ClInclude>
    <ClInclude Include="workspace\game\cache\cache.hpp">
      <Filter>Header Files</Filter>
    </ClInclude>
    <ClInclude Include="workspace\game\cache\camera.hpp">
      <Filter>Header Files</Filter>
    </ClInclude>
    <ClInclude Include="workspace\game\features\player\player.hpp">
      <Filter>Header Files</Filter>
    </ClInclude>
    <ClInclude Include="workspace\util\logger\logger.hpp">
      <Filter>Header Files</Filter>
    </ClInclude>
    <ClInclude Include="thirdparty\imgui\imconfig.h">
      <Filter>Header Files</Filter>
    </ClInclude>
    <ClInclude Include="thirdparty\imgui\imgui.h">
      <Filter>Header Files</Filter>
    </ClInclude>
    <ClInclude Include="thirdparty\imgui\imgui_internal.h">
      <Filter>Header Files</Filter>
    </ClInclude>
    <ClInclude Include="thirdparty\imgui\imstb_rectpack.h">
      <Filter>Header Files</Filter>
    </ClInclude>
    <ClInclude Include="thirdparty\imgui\imstb_textedit.h">
      <Filter>Header Files</Filter>
    </ClInclude>
    <ClInclude Include="thirdparty\imgui\imstb_truetype.h">
      <Filter>Header Files</Filter>
    </ClInclude>
    <ClInclude Include="thirdparty\imgui\backends\imgui_impl_dx11.h">
      <Filter>Header Files</Filter>
    </ClInclude>
    <ClInclude Include="thirdparty\imgui\backends\imgui_impl_win32.h">
      <Filter>Header Files</Filter>
    </ClInclude>
    <ClInclude Include="workspace\interface\menu.hpp">
      <Filter>Header Files</Filter>
    </ClInclude>
  </ItemGroup>
</Project>